// !$*UTF8*$!
{
	archiveVersion = 1;
	classes = {
	};
	objectVersion = 46;
	objects = {

/* Begin PBXBuildFile section */
		07B0BEF6F6234A36816499C6 /* libPods.a in Frameworks */ = {isa = PBXBuildFile; fileRef = 24920EC6F9EE471292BF1910 /* libPods.a */; };
		DA1E63451779B7FF00CDCB2D /* GCEventCell.m in Sources */ = {isa = PBXBuildFile; fileRef = DA1E63441779B7FF00CDCB2D /* GCEventCell.m */; };
		DA2D6B771779FF51006D7D54 /* GTLBatchQuery.m in Sources */ = {isa = PBXBuildFile; fileRef = DA2D6B5C1779FF51006D7D54 /* GTLBatchQuery.m */; settings = {COMPILER_FLAGS = "-fno-objc-arc"; }; };
		DA2D6B781779FF51006D7D54 /* GTLBatchResult.m in Sources */ = {isa = PBXBuildFile; fileRef = DA2D6B5E1779FF51006D7D54 /* GTLBatchResult.m */; settings = {COMPILER_FLAGS = "-fno-objc-arc"; }; };
		DA2D6B791779FF51006D7D54 /* GTLDateTime.m in Sources */ = {isa = PBXBuildFile; fileRef = DA2D6B601779FF51006D7D54 /* GTLDateTime.m */; settings = {COMPILER_FLAGS = "-fno-objc-arc"; }; };
		DA2D6B7A1779FF51006D7D54 /* GTLErrorObject.m in Sources */ = {isa = PBXBuildFile; fileRef = DA2D6B621779FF51006D7D54 /* GTLErrorObject.m */; };
		DA2D6B7B1779FF51006D7D54 /* GTLObject.m in Sources */ = {isa = PBXBuildFile; fileRef = DA2D6B641779FF51006D7D54 /* GTLObject.m */; settings = {COMPILER_FLAGS = "-fno-objc-arc"; }; };
		DA2D6B7C1779FF51006D7D54 /* GTLQuery.m in Sources */ = {isa = PBXBuildFile; fileRef = DA2D6B661779FF51006D7D54 /* GTLQuery.m */; settings = {COMPILER_FLAGS = "-fno-objc-arc"; }; };
		DA2D6B7D1779FF51006D7D54 /* GTLRuntimeCommon.m in Sources */ = {isa = PBXBuildFile; fileRef = DA2D6B681779FF51006D7D54 /* GTLRuntimeCommon.m */; settings = {COMPILER_FLAGS = "-fno-objc-arc"; }; };
		DA2D6B7E1779FF51006D7D54 /* GTLService.m in Sources */ = {isa = PBXBuildFile; fileRef = DA2D6B6A1779FF51006D7D54 /* GTLService.m */; settings = {COMPILER_FLAGS = "-fno-objc-arc"; }; };
		DA2D6B7F1779FF51006D7D54 /* GTLUploadParameters.m in Sources */ = {isa = PBXBuildFile; fileRef = DA2D6B6C1779FF51006D7D54 /* GTLUploadParameters.m */; settings = {COMPILER_FLAGS = "-fno-objc-arc"; }; };
		DA2D6B801779FF51006D7D54 /* GTLBase64.m in Sources */ = {isa = PBXBuildFile; fileRef = DA2D6B6F1779FF51006D7D54 /* GTLBase64.m */; settings = {COMPILER_FLAGS = "-fno-objc-arc"; }; };
		DA2D6B811779FF51006D7D54 /* GTLFramework.m in Sources */ = {isa = PBXBuildFile; fileRef = DA2D6B711779FF51006D7D54 /* GTLFramework.m */; };
		DA2D6B821779FF51006D7D54 /* GTLJSONParser.m in Sources */ = {isa = PBXBuildFile; fileRef = DA2D6B731779FF51006D7D54 /* GTLJSONParser.m */; settings = {COMPILER_FLAGS = "-fno-objc-arc"; }; };
		DA2D6B831779FF51006D7D54 /* GTLUtilities.m in Sources */ = {isa = PBXBuildFile; fileRef = DA2D6B761779FF51006D7D54 /* GTLUtilities.m */; settings = {COMPILER_FLAGS = "-fno-objc-arc"; }; };
		DA2D6BB61779FF89006D7D54 /* GTLCalendar_Sources.m in Sources */ = {isa = PBXBuildFile; fileRef = DA2D6B871779FF89006D7D54 /* GTLCalendar_Sources.m */; };
		DA2D6BB71779FF89006D7D54 /* GTLCalendarAcl.m in Sources */ = {isa = PBXBuildFile; fileRef = DA2D6B891779FF89006D7D54 /* GTLCalendarAcl.m */; };
		DA2D6BB81779FF89006D7D54 /* GTLCalendarAclRule.m in Sources */ = {isa = PBXBuildFile; fileRef = DA2D6B8B1779FF89006D7D54 /* GTLCalendarAclRule.m */; };
		DA2D6BB91779FF89006D7D54 /* GTLCalendarCalendar.m in Sources */ = {isa = PBXBuildFile; fileRef = DA2D6B8D1779FF89006D7D54 /* GTLCalendarCalendar.m */; };
		DA2D6BBA1779FF89006D7D54 /* GTLCalendarCalendarList.m in Sources */ = {isa = PBXBuildFile; fileRef = DA2D6B8F1779FF89006D7D54 /* GTLCalendarCalendarList.m */; };
		DA2D6BBB1779FF89006D7D54 /* GTLCalendarCalendarListEntry.m in Sources */ = {isa = PBXBuildFile; fileRef = DA2D6B911779FF89006D7D54 /* GTLCalendarCalendarListEntry.m */; };
		DA2D6BBC1779FF89006D7D54 /* GTLCalendarColorDefinition.m in Sources */ = {isa = PBXBuildFile; fileRef = DA2D6B931779FF89006D7D54 /* GTLCalendarColorDefinition.m */; };
		DA2D6BBD1779FF89006D7D54 /* GTLCalendarColors.m in Sources */ = {isa = PBXBuildFile; fileRef = DA2D6B951779FF89006D7D54 /* GTLCalendarColors.m */; };
		DA2D6BBE1779FF89006D7D54 /* GTLCalendarConstants.m in Sources */ = {isa = PBXBuildFile; fileRef = DA2D6B971779FF89006D7D54 /* GTLCalendarConstants.m */; };
		DA2D6BBF1779FF89006D7D54 /* GTLCalendarError.m in Sources */ = {isa = PBXBuildFile; fileRef = DA2D6B991779FF89006D7D54 /* GTLCalendarError.m */; };
		DA2D6BC01779FF89006D7D54 /* GTLCalendarEvent.m in Sources */ = {isa = PBXBuildFile; fileRef = DA2D6B9B1779FF89006D7D54 /* GTLCalendarEvent.m */; };
		DA2D6BC11779FF89006D7D54 /* GTLCalendarEventAttendee.m in Sources */ = {isa = PBXBuildFile; fileRef = DA2D6B9D1779FF89006D7D54 /* GTLCalendarEventAttendee.m */; };
		DA2D6BC21779FF89006D7D54 /* GTLCalendarEventDateTime.m in Sources */ = {isa = PBXBuildFile; fileRef = DA2D6B9F1779FF89006D7D54 /* GTLCalendarEventDateTime.m */; };
		DA2D6BC31779FF89006D7D54 /* GTLCalendarEventReminder.m in Sources */ = {isa = PBXBuildFile; fileRef = DA2D6BA11779FF89006D7D54 /* GTLCalendarEventReminder.m */; };
		DA2D6BC41779FF89006D7D54 /* GTLCalendarEvents.m in Sources */ = {isa = PBXBuildFile; fileRef = DA2D6BA31779FF89006D7D54 /* GTLCalendarEvents.m */; };
		DA2D6BC51779FF89006D7D54 /* GTLCalendarFreeBusyCalendar.m in Sources */ = {isa = PBXBuildFile; fileRef = DA2D6BA51779FF89006D7D54 /* GTLCalendarFreeBusyCalendar.m */; };
		DA2D6BC61779FF89006D7D54 /* GTLCalendarFreeBusyGroup.m in Sources */ = {isa = PBXBuildFile; fileRef = DA2D6BA71779FF89006D7D54 /* GTLCalendarFreeBusyGroup.m */; };
		DA2D6BC71779FF89006D7D54 /* GTLCalendarFreeBusyRequestItem.m in Sources */ = {isa = PBXBuildFile; fileRef = DA2D6BA91779FF89006D7D54 /* GTLCalendarFreeBusyRequestItem.m */; };
		DA2D6BC81779FF89006D7D54 /* GTLCalendarFreeBusyResponse.m in Sources */ = {isa = PBXBuildFile; fileRef = DA2D6BAB1779FF89006D7D54 /* GTLCalendarFreeBusyResponse.m */; };
		DA2D6BC91779FF89006D7D54 /* GTLCalendarSetting.m in Sources */ = {isa = PBXBuildFile; fileRef = DA2D6BAD1779FF89006D7D54 /* GTLCalendarSetting.m */; };
		DA2D6BCA1779FF89006D7D54 /* GTLCalendarSettings.m in Sources */ = {isa = PBXBuildFile; fileRef = DA2D6BAF1779FF89006D7D54 /* GTLCalendarSettings.m */; };
		DA2D6BCB1779FF89006D7D54 /* GTLCalendarTimePeriod.m in Sources */ = {isa = PBXBuildFile; fileRef = DA2D6BB11779FF89006D7D54 /* GTLCalendarTimePeriod.m */; };
		DA2D6BCC1779FF89006D7D54 /* GTLQueryCalendar.m in Sources */ = {isa = PBXBuildFile; fileRef = DA2D6BB31779FF89006D7D54 /* GTLQueryCalendar.m */; };
		DA2D6BCD1779FF89006D7D54 /* GTLServiceCalendar.m in Sources */ = {isa = PBXBuildFile; fileRef = DA2D6BB51779FF89006D7D54 /* GTLServiceCalendar.m */; };
		DA2D6BD0177AEFD7006D7D54 /* GCNavigationBar.m in Sources */ = {isa = PBXBuildFile; fileRef = DA2D6BCF177AEFD7006D7D54 /* GCNavigationBar.m */; };
		DA2D6BD3177B0E6C006D7D54 /* GCCell.m in Sources */ = {isa = PBXBuildFile; fileRef = DA2D6BD2177B0E6C006D7D54 /* GCCell.m */; };
		DA2D6C22177C3F68006D7D54 /* gothaprobla.ttf in Resources */ = {isa = PBXBuildFile; fileRef = DA2D6C16177C3F68006D7D54 /* gothaprobla.ttf */; };
		DA2D6C23177C3F68006D7D54 /* gothaproblaita.ttf in Resources */ = {isa = PBXBuildFile; fileRef = DA2D6C17177C3F68006D7D54 /* gothaproblaita.ttf */; };
		DA2D6C24177C3F68006D7D54 /* gothaprobol.ttf in Resources */ = {isa = PBXBuildFile; fileRef = DA2D6C18177C3F68006D7D54 /* gothaprobol.ttf */; };
		DA2D6C25177C3F68006D7D54 /* gothaprobolita.ttf in Resources */ = {isa = PBXBuildFile; fileRef = DA2D6C19177C3F68006D7D54 /* gothaprobolita.ttf */; };
		DA2D6C26177C3F68006D7D54 /* gothaproita.ttf in Resources */ = {isa = PBXBuildFile; fileRef = DA2D6C1A177C3F68006D7D54 /* gothaproita.ttf */; };
		DA2D6C27177C3F68006D7D54 /* gothaprolig.ttf in Resources */ = {isa = PBXBuildFile; fileRef = DA2D6C1B177C3F68006D7D54 /* gothaprolig.ttf */; };
		DA2D6C28177C3F68006D7D54 /* gothaproligita.ttf in Resources */ = {isa = PBXBuildFile; fileRef = DA2D6C1C177C3F68006D7D54 /* gothaproligita.ttf */; };
		DA2D6C29177C3F68006D7D54 /* gothapromed.ttf in Resources */ = {isa = PBXBuildFile; fileRef = DA2D6C1D177C3F68006D7D54 /* gothapromed.ttf */; };
		DA2D6C2A177C3F68006D7D54 /* gothapromedita.ttf in Resources */ = {isa = PBXBuildFile; fileRef = DA2D6C1E177C3F68006D7D54 /* gothapromedita.ttf */; };
		DA2D6C2B177C3F68006D7D54 /* gothapronarbol.ttf in Resources */ = {isa = PBXBuildFile; fileRef = DA2D6C1F177C3F68006D7D54 /* gothapronarbol.ttf */; };
		DA2D6C2C177C3F68006D7D54 /* gothapronarmed.ttf in Resources */ = {isa = PBXBuildFile; fileRef = DA2D6C20177C3F68006D7D54 /* gothapronarmed.ttf */; };
		DA2D6C2D177C3F68006D7D54 /* gothaproreg.ttf in Resources */ = {isa = PBXBuildFile; fileRef = DA2D6C21177C3F68006D7D54 /* gothaproreg.ttf */; };
		DA2D6C33177C413E006D7D54 /* UIFont+CustomFonts.m in Sources */ = {isa = PBXBuildFile; fileRef = DA2D6C32177C413E006D7D54 /* UIFont+CustomFonts.m */; };
		DA2D6C54177C50E6006D7D54 /* UIColor+CustomColors.m in Sources */ = {isa = PBXBuildFile; fileRef = DA2D6C53177C50E6006D7D54 /* UIColor+CustomColors.m */; };
		DA2D6C5A177C6A81006D7D54 /* UILabel+Additions.m in Sources */ = {isa = PBXBuildFile; fileRef = DA2D6C59177C6A81006D7D54 /* UILabel+Additions.m */; };
		DA2D6C5C177C89C7006D7D54 /* GCDayCell.xib in Resources */ = {isa = PBXBuildFile; fileRef = DA2D6C5B177C89C7006D7D54 /* GCDayCell.xib */; };
		DA2D6C5F177C8D08006D7D54 /* GCDayCell.m in Sources */ = {isa = PBXBuildFile; fileRef = DA2D6C5E177C8D08006D7D54 /* GCDayCell.m */; };
		DA396076177890D900F3A7AD /* UIKit.framework in Frameworks */ = {isa = PBXBuildFile; fileRef = DA396075177890D900F3A7AD /* UIKit.framework */; };
		DA396078177890D900F3A7AD /* Foundation.framework in Frameworks */ = {isa = PBXBuildFile; fileRef = DA396077177890D900F3A7AD /* Foundation.framework */; };
		DA39607A177890D900F3A7AD /* CoreGraphics.framework in Frameworks */ = {isa = PBXBuildFile; fileRef = DA396079177890D900F3A7AD /* CoreGraphics.framework */; };
		DA396080177890D900F3A7AD /* InfoPlist.strings in Resources */ = {isa = PBXBuildFile; fileRef = DA39607E177890D900F3A7AD /* InfoPlist.strings */; };
		DA396082177890D900F3A7AD /* main.m in Sources */ = {isa = PBXBuildFile; fileRef = DA396081177890D900F3A7AD /* main.m */; };
		DA396086177890D900F3A7AD /* GCAppDelegate.m in Sources */ = {isa = PBXBuildFile; fileRef = DA396085177890D900F3A7AD /* GCAppDelegate.m */; };
		DA396088177890D900F3A7AD /* Default.png in Resources */ = {isa = PBXBuildFile; fileRef = DA396087177890D900F3A7AD /* Default.png */; };
		DA39608A177890D900F3A7AD /* Default@2x.png in Resources */ = {isa = PBXBuildFile; fileRef = DA396089177890D900F3A7AD /* Default@2x.png */; };
		DA39608C177890D900F3A7AD /* Default-568h@2x.png in Resources */ = {isa = PBXBuildFile; fileRef = DA39608B177890D900F3A7AD /* Default-568h@2x.png */; };
		DA39608F177890D900F3A7AD /* MainStoryboard.storyboard in Resources */ = {isa = PBXBuildFile; fileRef = DA39608D177890D900F3A7AD /* MainStoryboard.storyboard */; };
		DA396092177890D900F3A7AD /* GCViewController.m in Sources */ = {isa = PBXBuildFile; fileRef = DA396091177890D900F3A7AD /* GCViewController.m */; };
		DA39609A1778942000F3A7AD /* GCPullView.m in Sources */ = {isa = PBXBuildFile; fileRef = DA3960991778942000F3A7AD /* GCPullView.m */; };
		DA39609D1778949200F3A7AD /* UIView+Additions.m in Sources */ = {isa = PBXBuildFile; fileRef = DA39609C1778949100F3A7AD /* UIView+Additions.m */; };
		DABD5ED11779F65E00ACAFFC /* GCDataManager.m in Sources */ = {isa = PBXBuildFile; fileRef = DABD5ED01779F65E00ACAFFC /* GCDataManager.m */; };
		DABD5ED41779FB0E00ACAFFC /* UIViewController(additions).m in Sources */ = {isa = PBXBuildFile; fileRef = DABD5ED31779FB0E00ACAFFC /* UIViewController(additions).m */; };
/* End PBXBuildFile section */

/* Begin PBXFileReference section */
		24920EC6F9EE471292BF1910 /* libPods.a */ = {isa = PBXFileReference; explicitFileType = archive.ar; includeInIndex = 0; path = libPods.a; sourceTree = BUILT_PRODUCTS_DIR; };
		39B9542B9A084365B8AFD6DA /* Pods.xcconfig */ = {isa = PBXFileReference; includeInIndex = 1; lastKnownFileType = text.xcconfig; name = Pods.xcconfig; path = Pods/Pods.xcconfig; sourceTree = SOURCE_ROOT; };
		DA1E63431779B7FF00CDCB2D /* GCEventCell.h */ = {isa = PBXFileReference; fileEncoding = 4; lastKnownFileType = sourcecode.c.h; path = GCEventCell.h; sourceTree = "<group>"; };
		DA1E63441779B7FF00CDCB2D /* GCEventCell.m */ = {isa = PBXFileReference; fileEncoding = 4; lastKnownFileType = sourcecode.c.objc; path = GCEventCell.m; sourceTree = "<group>"; };
		DA2D6B5B1779FF51006D7D54 /* GTLBatchQuery.h */ = {isa = PBXFileReference; fileEncoding = 4; lastKnownFileType = sourcecode.c.h; path = GTLBatchQuery.h; sourceTree = "<group>"; };
		DA2D6B5C1779FF51006D7D54 /* GTLBatchQuery.m */ = {isa = PBXFileReference; fileEncoding = 4; lastKnownFileType = sourcecode.c.objc; path = GTLBatchQuery.m; sourceTree = "<group>"; };
		DA2D6B5D1779FF51006D7D54 /* GTLBatchResult.h */ = {isa = PBXFileReference; fileEncoding = 4; lastKnownFileType = sourcecode.c.h; path = GTLBatchResult.h; sourceTree = "<group>"; };
		DA2D6B5E1779FF51006D7D54 /* GTLBatchResult.m */ = {isa = PBXFileReference; fileEncoding = 4; lastKnownFileType = sourcecode.c.objc; path = GTLBatchResult.m; sourceTree = "<group>"; };
		DA2D6B5F1779FF51006D7D54 /* GTLDateTime.h */ = {isa = PBXFileReference; fileEncoding = 4; lastKnownFileType = sourcecode.c.h; path = GTLDateTime.h; sourceTree = "<group>"; };
		DA2D6B601779FF51006D7D54 /* GTLDateTime.m */ = {isa = PBXFileReference; fileEncoding = 4; lastKnownFileType = sourcecode.c.objc; path = GTLDateTime.m; sourceTree = "<group>"; };
		DA2D6B611779FF51006D7D54 /* GTLErrorObject.h */ = {isa = PBXFileReference; fileEncoding = 4; lastKnownFileType = sourcecode.c.h; path = GTLErrorObject.h; sourceTree = "<group>"; };
		DA2D6B621779FF51006D7D54 /* GTLErrorObject.m */ = {isa = PBXFileReference; fileEncoding = 4; lastKnownFileType = sourcecode.c.objc; path = GTLErrorObject.m; sourceTree = "<group>"; };
		DA2D6B631779FF51006D7D54 /* GTLObject.h */ = {isa = PBXFileReference; fileEncoding = 4; lastKnownFileType = sourcecode.c.h; path = GTLObject.h; sourceTree = "<group>"; };
		DA2D6B641779FF51006D7D54 /* GTLObject.m */ = {isa = PBXFileReference; fileEncoding = 4; lastKnownFileType = sourcecode.c.objc; path = GTLObject.m; sourceTree = "<group>"; };
		DA2D6B651779FF51006D7D54 /* GTLQuery.h */ = {isa = PBXFileReference; fileEncoding = 4; lastKnownFileType = sourcecode.c.h; path = GTLQuery.h; sourceTree = "<group>"; };
		DA2D6B661779FF51006D7D54 /* GTLQuery.m */ = {isa = PBXFileReference; fileEncoding = 4; lastKnownFileType = sourcecode.c.objc; path = GTLQuery.m; sourceTree = "<group>"; };
		DA2D6B671779FF51006D7D54 /* GTLRuntimeCommon.h */ = {isa = PBXFileReference; fileEncoding = 4; lastKnownFileType = sourcecode.c.h; path = GTLRuntimeCommon.h; sourceTree = "<group>"; };
		DA2D6B681779FF51006D7D54 /* GTLRuntimeCommon.m */ = {isa = PBXFileReference; fileEncoding = 4; lastKnownFileType = sourcecode.c.objc; path = GTLRuntimeCommon.m; sourceTree = "<group>"; };
		DA2D6B691779FF51006D7D54 /* GTLService.h */ = {isa = PBXFileReference; fileEncoding = 4; lastKnownFileType = sourcecode.c.h; path = GTLService.h; sourceTree = "<group>"; };
		DA2D6B6A1779FF51006D7D54 /* GTLService.m */ = {isa = PBXFileReference; fileEncoding = 4; lastKnownFileType = sourcecode.c.objc; path = GTLService.m; sourceTree = "<group>"; };
		DA2D6B6B1779FF51006D7D54 /* GTLUploadParameters.h */ = {isa = PBXFileReference; fileEncoding = 4; lastKnownFileType = sourcecode.c.h; path = GTLUploadParameters.h; sourceTree = "<group>"; };
		DA2D6B6C1779FF51006D7D54 /* GTLUploadParameters.m */ = {isa = PBXFileReference; fileEncoding = 4; lastKnownFileType = sourcecode.c.objc; path = GTLUploadParameters.m; sourceTree = "<group>"; };
		DA2D6B6E1779FF51006D7D54 /* GTLBase64.h */ = {isa = PBXFileReference; fileEncoding = 4; lastKnownFileType = sourcecode.c.h; path = GTLBase64.h; sourceTree = "<group>"; };
		DA2D6B6F1779FF51006D7D54 /* GTLBase64.m */ = {isa = PBXFileReference; fileEncoding = 4; lastKnownFileType = sourcecode.c.objc; path = GTLBase64.m; sourceTree = "<group>"; };
		DA2D6B701779FF51006D7D54 /* GTLFramework.h */ = {isa = PBXFileReference; fileEncoding = 4; lastKnownFileType = sourcecode.c.h; path = GTLFramework.h; sourceTree = "<group>"; };
		DA2D6B711779FF51006D7D54 /* GTLFramework.m */ = {isa = PBXFileReference; fileEncoding = 4; lastKnownFileType = sourcecode.c.objc; path = GTLFramework.m; sourceTree = "<group>"; };
		DA2D6B721779FF51006D7D54 /* GTLJSONParser.h */ = {isa = PBXFileReference; fileEncoding = 4; lastKnownFileType = sourcecode.c.h; path = GTLJSONParser.h; sourceTree = "<group>"; };
		DA2D6B731779FF51006D7D54 /* GTLJSONParser.m */ = {isa = PBXFileReference; fileEncoding = 4; lastKnownFileType = sourcecode.c.objc; path = GTLJSONParser.m; sourceTree = "<group>"; };
		DA2D6B741779FF51006D7D54 /* GTLTargetNamespace.h */ = {isa = PBXFileReference; fileEncoding = 4; lastKnownFileType = sourcecode.c.h; path = GTLTargetNamespace.h; sourceTree = "<group>"; };
		DA2D6B751779FF51006D7D54 /* GTLUtilities.h */ = {isa = PBXFileReference; fileEncoding = 4; lastKnownFileType = sourcecode.c.h; path = GTLUtilities.h; sourceTree = "<group>"; };
		DA2D6B761779FF51006D7D54 /* GTLUtilities.m */ = {isa = PBXFileReference; fileEncoding = 4; lastKnownFileType = sourcecode.c.objc; path = GTLUtilities.m; sourceTree = "<group>"; };
		DA2D6B841779FF62006D7D54 /* GTLDefines.h */ = {isa = PBXFileReference; fileEncoding = 4; lastKnownFileType = sourcecode.c.h; path = GTLDefines.h; sourceTree = "<group>"; };
		DA2D6B861779FF89006D7D54 /* GTLCalendar.h */ = {isa = PBXFileReference; fileEncoding = 4; lastKnownFileType = sourcecode.c.h; path = GTLCalendar.h; sourceTree = "<group>"; };
		DA2D6B871779FF89006D7D54 /* GTLCalendar_Sources.m */ = {isa = PBXFileReference; fileEncoding = 4; lastKnownFileType = sourcecode.c.objc; path = GTLCalendar_Sources.m; sourceTree = "<group>"; };
		DA2D6B881779FF89006D7D54 /* GTLCalendarAcl.h */ = {isa = PBXFileReference; fileEncoding = 4; lastKnownFileType = sourcecode.c.h; path = GTLCalendarAcl.h; sourceTree = "<group>"; };
		DA2D6B891779FF89006D7D54 /* GTLCalendarAcl.m */ = {isa = PBXFileReference; fileEncoding = 4; lastKnownFileType = sourcecode.c.objc; path = GTLCalendarAcl.m; sourceTree = "<group>"; };
		DA2D6B8A1779FF89006D7D54 /* GTLCalendarAclRule.h */ = {isa = PBXFileReference; fileEncoding = 4; lastKnownFileType = sourcecode.c.h; path = GTLCalendarAclRule.h; sourceTree = "<group>"; };
		DA2D6B8B1779FF89006D7D54 /* GTLCalendarAclRule.m */ = {isa = PBXFileReference; fileEncoding = 4; lastKnownFileType = sourcecode.c.objc; path = GTLCalendarAclRule.m; sourceTree = "<group>"; };
		DA2D6B8C1779FF89006D7D54 /* GTLCalendarCalendar.h */ = {isa = PBXFileReference; fileEncoding = 4; lastKnownFileType = sourcecode.c.h; path = GTLCalendarCalendar.h; sourceTree = "<group>"; };
		DA2D6B8D1779FF89006D7D54 /* GTLCalendarCalendar.m */ = {isa = PBXFileReference; fileEncoding = 4; lastKnownFileType = sourcecode.c.objc; path = GTLCalendarCalendar.m; sourceTree = "<group>"; };
		DA2D6B8E1779FF89006D7D54 /* GTLCalendarCalendarList.h */ = {isa = PBXFileReference; fileEncoding = 4; lastKnownFileType = sourcecode.c.h; path = GTLCalendarCalendarList.h; sourceTree = "<group>"; };
		DA2D6B8F1779FF89006D7D54 /* GTLCalendarCalendarList.m */ = {isa = PBXFileReference; fileEncoding = 4; lastKnownFileType = sourcecode.c.objc; path = GTLCalendarCalendarList.m; sourceTree = "<group>"; };
		DA2D6B901779FF89006D7D54 /* GTLCalendarCalendarListEntry.h */ = {isa = PBXFileReference; fileEncoding = 4; lastKnownFileType = sourcecode.c.h; path = GTLCalendarCalendarListEntry.h; sourceTree = "<group>"; };
		DA2D6B911779FF89006D7D54 /* GTLCalendarCalendarListEntry.m */ = {isa = PBXFileReference; fileEncoding = 4; lastKnownFileType = sourcecode.c.objc; path = GTLCalendarCalendarListEntry.m; sourceTree = "<group>"; };
		DA2D6B921779FF89006D7D54 /* GTLCalendarColorDefinition.h */ = {isa = PBXFileReference; fileEncoding = 4; lastKnownFileType = sourcecode.c.h; path = GTLCalendarColorDefinition.h; sourceTree = "<group>"; };
		DA2D6B931779FF89006D7D54 /* GTLCalendarColorDefinition.m */ = {isa = PBXFileReference; fileEncoding = 4; lastKnownFileType = sourcecode.c.objc; path = GTLCalendarColorDefinition.m; sourceTree = "<group>"; };
		DA2D6B941779FF89006D7D54 /* GTLCalendarColors.h */ = {isa = PBXFileReference; fileEncoding = 4; lastKnownFileType = sourcecode.c.h; path = GTLCalendarColors.h; sourceTree = "<group>"; };
		DA2D6B951779FF89006D7D54 /* GTLCalendarColors.m */ = {isa = PBXFileReference; fileEncoding = 4; lastKnownFileType = sourcecode.c.objc; path = GTLCalendarColors.m; sourceTree = "<group>"; };
		DA2D6B961779FF89006D7D54 /* GTLCalendarConstants.h */ = {isa = PBXFileReference; fileEncoding = 4; lastKnownFileType = sourcecode.c.h; path = GTLCalendarConstants.h; sourceTree = "<group>"; };
		DA2D6B971779FF89006D7D54 /* GTLCalendarConstants.m */ = {isa = PBXFileReference; fileEncoding = 4; lastKnownFileType = sourcecode.c.objc; path = GTLCalendarConstants.m; sourceTree = "<group>"; };
		DA2D6B981779FF89006D7D54 /* GTLCalendarError.h */ = {isa = PBXFileReference; fileEncoding = 4; lastKnownFileType = sourcecode.c.h; path = GTLCalendarError.h; sourceTree = "<group>"; };
		DA2D6B991779FF89006D7D54 /* GTLCalendarError.m */ = {isa = PBXFileReference; fileEncoding = 4; lastKnownFileType = sourcecode.c.objc; path = GTLCalendarError.m; sourceTree = "<group>"; };
		DA2D6B9A1779FF89006D7D54 /* GTLCalendarEvent.h */ = {isa = PBXFileReference; fileEncoding = 4; lastKnownFileType = sourcecode.c.h; path = GTLCalendarEvent.h; sourceTree = "<group>"; };
		DA2D6B9B1779FF89006D7D54 /* GTLCalendarEvent.m */ = {isa = PBXFileReference; fileEncoding = 4; lastKnownFileType = sourcecode.c.objc; path = GTLCalendarEvent.m; sourceTree = "<group>"; };
		DA2D6B9C1779FF89006D7D54 /* GTLCalendarEventAttendee.h */ = {isa = PBXFileReference; fileEncoding = 4; lastKnownFileType = sourcecode.c.h; path = GTLCalendarEventAttendee.h; sourceTree = "<group>"; };
		DA2D6B9D1779FF89006D7D54 /* GTLCalendarEventAttendee.m */ = {isa = PBXFileReference; fileEncoding = 4; lastKnownFileType = sourcecode.c.objc; path = GTLCalendarEventAttendee.m; sourceTree = "<group>"; };
		DA2D6B9E1779FF89006D7D54 /* GTLCalendarEventDateTime.h */ = {isa = PBXFileReference; fileEncoding = 4; lastKnownFileType = sourcecode.c.h; path = GTLCalendarEventDateTime.h; sourceTree = "<group>"; };
		DA2D6B9F1779FF89006D7D54 /* GTLCalendarEventDateTime.m */ = {isa = PBXFileReference; fileEncoding = 4; lastKnownFileType = sourcecode.c.objc; path = GTLCalendarEventDateTime.m; sourceTree = "<group>"; };
		DA2D6BA01779FF89006D7D54 /* GTLCalendarEventReminder.h */ = {isa = PBXFileReference; fileEncoding = 4; lastKnownFileType = sourcecode.c.h; path = GTLCalendarEventReminder.h; sourceTree = "<group>"; };
		DA2D6BA11779FF89006D7D54 /* GTLCalendarEventReminder.m */ = {isa = PBXFileReference; fileEncoding = 4; lastKnownFileType = sourcecode.c.objc; path = GTLCalendarEventReminder.m; sourceTree = "<group>"; };
		DA2D6BA21779FF89006D7D54 /* GTLCalendarEvents.h */ = {isa = PBXFileReference; fileEncoding = 4; lastKnownFileType = sourcecode.c.h; path = GTLCalendarEvents.h; sourceTree = "<group>"; };
		DA2D6BA31779FF89006D7D54 /* GTLCalendarEvents.m */ = {isa = PBXFileReference; fileEncoding = 4; lastKnownFileType = sourcecode.c.objc; path = GTLCalendarEvents.m; sourceTree = "<group>"; };
		DA2D6BA41779FF89006D7D54 /* GTLCalendarFreeBusyCalendar.h */ = {isa = PBXFileReference; fileEncoding = 4; lastKnownFileType = sourcecode.c.h; path = GTLCalendarFreeBusyCalendar.h; sourceTree = "<group>"; };
		DA2D6BA51779FF89006D7D54 /* GTLCalendarFreeBusyCalendar.m */ = {isa = PBXFileReference; fileEncoding = 4; lastKnownFileType = sourcecode.c.objc; path = GTLCalendarFreeBusyCalendar.m; sourceTree = "<group>"; };
		DA2D6BA61779FF89006D7D54 /* GTLCalendarFreeBusyGroup.h */ = {isa = PBXFileReference; fileEncoding = 4; lastKnownFileType = sourcecode.c.h; path = GTLCalendarFreeBusyGroup.h; sourceTree = "<group>"; };
		DA2D6BA71779FF89006D7D54 /* GTLCalendarFreeBusyGroup.m */ = {isa = PBXFileReference; fileEncoding = 4; lastKnownFileType = sourcecode.c.objc; path = GTLCalendarFreeBusyGroup.m; sourceTree = "<group>"; };
		DA2D6BA81779FF89006D7D54 /* GTLCalendarFreeBusyRequestItem.h */ = {isa = PBXFileReference; fileEncoding = 4; lastKnownFileType = sourcecode.c.h; path = GTLCalendarFreeBusyRequestItem.h; sourceTree = "<group>"; };
		DA2D6BA91779FF89006D7D54 /* GTLCalendarFreeBusyRequestItem.m */ = {isa = PBXFileReference; fileEncoding = 4; lastKnownFileType = sourcecode.c.objc; path = GTLCalendarFreeBusyRequestItem.m; sourceTree = "<group>"; };
		DA2D6BAA1779FF89006D7D54 /* GTLCalendarFreeBusyResponse.h */ = {isa = PBXFileReference; fileEncoding = 4; lastKnownFileType = sourcecode.c.h; path = GTLCalendarFreeBusyResponse.h; sourceTree = "<group>"; };
		DA2D6BAB1779FF89006D7D54 /* GTLCalendarFreeBusyResponse.m */ = {isa = PBXFileReference; fileEncoding = 4; lastKnownFileType = sourcecode.c.objc; path = GTLCalendarFreeBusyResponse.m; sourceTree = "<group>"; };
		DA2D6BAC1779FF89006D7D54 /* GTLCalendarSetting.h */ = {isa = PBXFileReference; fileEncoding = 4; lastKnownFileType = sourcecode.c.h; path = GTLCalendarSetting.h; sourceTree = "<group>"; };
		DA2D6BAD1779FF89006D7D54 /* GTLCalendarSetting.m */ = {isa = PBXFileReference; fileEncoding = 4; lastKnownFileType = sourcecode.c.objc; path = GTLCalendarSetting.m; sourceTree = "<group>"; };
		DA2D6BAE1779FF89006D7D54 /* GTLCalendarSettings.h */ = {isa = PBXFileReference; fileEncoding = 4; lastKnownFileType = sourcecode.c.h; path = GTLCalendarSettings.h; sourceTree = "<group>"; };
		DA2D6BAF1779FF89006D7D54 /* GTLCalendarSettings.m */ = {isa = PBXFileReference; fileEncoding = 4; lastKnownFileType = sourcecode.c.objc; path = GTLCalendarSettings.m; sourceTree = "<group>"; };
		DA2D6BB01779FF89006D7D54 /* GTLCalendarTimePeriod.h */ = {isa = PBXFileReference; fileEncoding = 4; lastKnownFileType = sourcecode.c.h; path = GTLCalendarTimePeriod.h; sourceTree = "<group>"; };
		DA2D6BB11779FF89006D7D54 /* GTLCalendarTimePeriod.m */ = {isa = PBXFileReference; fileEncoding = 4; lastKnownFileType = sourcecode.c.objc; path = GTLCalendarTimePeriod.m; sourceTree = "<group>"; };
		DA2D6BB21779FF89006D7D54 /* GTLQueryCalendar.h */ = {isa = PBXFileReference; fileEncoding = 4; lastKnownFileType = sourcecode.c.h; path = GTLQueryCalendar.h; sourceTree = "<group>"; };
		DA2D6BB31779FF89006D7D54 /* GTLQueryCalendar.m */ = {isa = PBXFileReference; fileEncoding = 4; lastKnownFileType = sourcecode.c.objc; path = GTLQueryCalendar.m; sourceTree = "<group>"; };
		DA2D6BB41779FF89006D7D54 /* GTLServiceCalendar.h */ = {isa = PBXFileReference; fileEncoding = 4; lastKnownFileType = sourcecode.c.h; path = GTLServiceCalendar.h; sourceTree = "<group>"; };
		DA2D6BB51779FF89006D7D54 /* GTLServiceCalendar.m */ = {isa = PBXFileReference; fileEncoding = 4; lastKnownFileType = sourcecode.c.objc; path = GTLServiceCalendar.m; sourceTree = "<group>"; };
		DA2D6BCE177AEFD7006D7D54 /* GCNavigationBar.h */ = {isa = PBXFileReference; fileEncoding = 4; lastKnownFileType = sourcecode.c.h; path = GCNavigationBar.h; sourceTree = "<group>"; };
		DA2D6BCF177AEFD7006D7D54 /* GCNavigationBar.m */ = {isa = PBXFileReference; fileEncoding = 4; lastKnownFileType = sourcecode.c.objc; path = GCNavigationBar.m; sourceTree = "<group>"; };
		DA2D6BD1177B0E6C006D7D54 /* GCCell.h */ = {isa = PBXFileReference; fileEncoding = 4; lastKnownFileType = sourcecode.c.h; path = GCCell.h; sourceTree = "<group>"; };
		DA2D6BD2177B0E6C006D7D54 /* GCCell.m */ = {isa = PBXFileReference; fileEncoding = 4; lastKnownFileType = sourcecode.c.objc; path = GCCell.m; sourceTree = "<group>"; };
		DA2D6C16177C3F68006D7D54 /* gothaprobla.ttf */ = {isa = PBXFileReference; lastKnownFileType = file; name = gothaprobla.ttf; path = fonts/gothaprobla.ttf; sourceTree = "<group>"; };
		DA2D6C17177C3F68006D7D54 /* gothaproblaita.ttf */ = {isa = PBXFileReference; lastKnownFileType = file; name = gothaproblaita.ttf; path = fonts/gothaproblaita.ttf; sourceTree = "<group>"; };
		DA2D6C18177C3F68006D7D54 /* gothaprobol.ttf */ = {isa = PBXFileReference; lastKnownFileType = file; name = gothaprobol.ttf; path = fonts/gothaprobol.ttf; sourceTree = "<group>"; };
		DA2D6C19177C3F68006D7D54 /* gothaprobolita.ttf */ = {isa = PBXFileReference; lastKnownFileType = file; name = gothaprobolita.ttf; path = fonts/gothaprobolita.ttf; sourceTree = "<group>"; };
		DA2D6C1A177C3F68006D7D54 /* gothaproita.ttf */ = {isa = PBXFileReference; lastKnownFileType = file; name = gothaproita.ttf; path = fonts/gothaproita.ttf; sourceTree = "<group>"; };
		DA2D6C1B177C3F68006D7D54 /* gothaprolig.ttf */ = {isa = PBXFileReference; lastKnownFileType = file; name = gothaprolig.ttf; path = fonts/gothaprolig.ttf; sourceTree = "<group>"; };
		DA2D6C1C177C3F68006D7D54 /* gothaproligita.ttf */ = {isa = PBXFileReference; lastKnownFileType = file; name = gothaproligita.ttf; path = fonts/gothaproligita.ttf; sourceTree = "<group>"; };
		DA2D6C1D177C3F68006D7D54 /* gothapromed.ttf */ = {isa = PBXFileReference; lastKnownFileType = file; name = gothapromed.ttf; path = fonts/gothapromed.ttf; sourceTree = "<group>"; };
		DA2D6C1E177C3F68006D7D54 /* gothapromedita.ttf */ = {isa = PBXFileReference; lastKnownFileType = file; name = gothapromedita.ttf; path = fonts/gothapromedita.ttf; sourceTree = "<group>"; };
		DA2D6C1F177C3F68006D7D54 /* gothapronarbol.ttf */ = {isa = PBXFileReference; lastKnownFileType = file; name = gothapronarbol.ttf; path = fonts/gothapronarbol.ttf; sourceTree = "<group>"; };
		DA2D6C20177C3F68006D7D54 /* gothapronarmed.ttf */ = {isa = PBXFileReference; lastKnownFileType = file; name = gothapronarmed.ttf; path = fonts/gothapronarmed.ttf; sourceTree = "<group>"; };
		DA2D6C21177C3F68006D7D54 /* gothaproreg.ttf */ = {isa = PBXFileReference; lastKnownFileType = file; name = gothaproreg.ttf; path = fonts/gothaproreg.ttf; sourceTree = "<group>"; };
		DA2D6C31177C413E006D7D54 /* UIFont+CustomFonts.h */ = {isa = PBXFileReference; fileEncoding = 4; lastKnownFileType = sourcecode.c.h; path = "UIFont+CustomFonts.h"; sourceTree = "<group>"; };
		DA2D6C32177C413E006D7D54 /* UIFont+CustomFonts.m */ = {isa = PBXFileReference; fileEncoding = 4; lastKnownFileType = sourcecode.c.objc; path = "UIFont+CustomFonts.m"; sourceTree = "<group>"; };
		DA2D6C52177C50E6006D7D54 /* UIColor+CustomColors.h */ = {isa = PBXFileReference; fileEncoding = 4; lastKnownFileType = sourcecode.c.h; path = "UIColor+CustomColors.h"; sourceTree = "<group>"; };
		DA2D6C53177C50E6006D7D54 /* UIColor+CustomColors.m */ = {isa = PBXFileReference; fileEncoding = 4; lastKnownFileType = sourcecode.c.objc; path = "UIColor+CustomColors.m"; sourceTree = "<group>"; };
		DA2D6C58177C6A81006D7D54 /* UILabel+Additions.h */ = {isa = PBXFileReference; fileEncoding = 4; lastKnownFileType = sourcecode.c.h; path = "UILabel+Additions.h"; sourceTree = "<group>"; };
		DA2D6C59177C6A81006D7D54 /* UILabel+Additions.m */ = {isa = PBXFileReference; fileEncoding = 4; lastKnownFileType = sourcecode.c.objc; path = "UILabel+Additions.m"; sourceTree = "<group>"; };
		DA2D6C5B177C89C7006D7D54 /* GCDayCell.xib */ = {isa = PBXFileReference; fileEncoding = 4; lastKnownFileType = file.xib; path = GCDayCell.xib; sourceTree = "<group>"; };
		DA2D6C5D177C8D07006D7D54 /* GCDayCell.h */ = {isa = PBXFileReference; fileEncoding = 4; lastKnownFileType = sourcecode.c.h; path = GCDayCell.h; sourceTree = "<group>"; };
		DA2D6C5E177C8D08006D7D54 /* GCDayCell.m */ = {isa = PBXFileReference; fileEncoding = 4; lastKnownFileType = sourcecode.c.objc; path = GCDayCell.m; sourceTree = "<group>"; };
		DA396072177890D900F3A7AD /* GC.app */ = {isa = PBXFileReference; explicitFileType = wrapper.application; includeInIndex = 0; path = GC.app; sourceTree = BUILT_PRODUCTS_DIR; };
		DA396075177890D900F3A7AD /* UIKit.framework */ = {isa = PBXFileReference; lastKnownFileType = wrapper.framework; name = UIKit.framework; path = System/Library/Frameworks/UIKit.framework; sourceTree = SDKROOT; };
		DA396077177890D900F3A7AD /* Foundation.framework */ = {isa = PBXFileReference; lastKnownFileType = wrapper.framework; name = Foundation.framework; path = System/Library/Frameworks/Foundation.framework; sourceTree = SDKROOT; };
		DA396079177890D900F3A7AD /* CoreGraphics.framework */ = {isa = PBXFileReference; lastKnownFileType = wrapper.framework; name = CoreGraphics.framework; path = System/Library/Frameworks/CoreGraphics.framework; sourceTree = SDKROOT; };
		DA39607D177890D900F3A7AD /* GC-Info.plist */ = {isa = PBXFileReference; lastKnownFileType = text.plist.xml; path = "GC-Info.plist"; sourceTree = "<group>"; };
		DA39607F177890D900F3A7AD /* en */ = {isa = PBXFileReference; lastKnownFileType = text.plist.strings; name = en; path = en.lproj/InfoPlist.strings; sourceTree = "<group>"; };
		DA396081177890D900F3A7AD /* main.m */ = {isa = PBXFileReference; lastKnownFileType = sourcecode.c.objc; path = main.m; sourceTree = "<group>"; };
		DA396083177890D900F3A7AD /* GC-Prefix.pch */ = {isa = PBXFileReference; lastKnownFileType = sourcecode.c.h; path = "GC-Prefix.pch"; sourceTree = "<group>"; };
		DA396084177890D900F3A7AD /* GCAppDelegate.h */ = {isa = PBXFileReference; lastKnownFileType = sourcecode.c.h; path = GCAppDelegate.h; sourceTree = "<group>"; };
		DA396085177890D900F3A7AD /* GCAppDelegate.m */ = {isa = PBXFileReference; lastKnownFileType = sourcecode.c.objc; path = GCAppDelegate.m; sourceTree = "<group>"; };
		DA396087177890D900F3A7AD /* Default.png */ = {isa = PBXFileReference; lastKnownFileType = image.png; path = Default.png; sourceTree = "<group>"; };
		DA396089177890D900F3A7AD /* Default@2x.png */ = {isa = PBXFileReference; lastKnownFileType = image.png; path = "Default@2x.png"; sourceTree = "<group>"; };
		DA39608B177890D900F3A7AD /* Default-568h@2x.png */ = {isa = PBXFileReference; lastKnownFileType = image.png; path = "Default-568h@2x.png"; sourceTree = "<group>"; };
		DA39608E177890D900F3A7AD /* en */ = {isa = PBXFileReference; lastKnownFileType = file.storyboard; name = en; path = en.lproj/MainStoryboard.storyboard; sourceTree = "<group>"; };
		DA396090177890D900F3A7AD /* GCViewController.h */ = {isa = PBXFileReference; lastKnownFileType = sourcecode.c.h; path = GCViewController.h; sourceTree = "<group>"; };
		DA396091177890D900F3A7AD /* GCViewController.m */ = {isa = PBXFileReference; lastKnownFileType = sourcecode.c.objc; path = GCViewController.m; sourceTree = "<group>"; };
		DA3960981778942000F3A7AD /* GCPullView.h */ = {isa = PBXFileReference; fileEncoding = 4; lastKnownFileType = sourcecode.c.h; path = GCPullView.h; sourceTree = "<group>"; };
		DA3960991778942000F3A7AD /* GCPullView.m */ = {isa = PBXFileReference; fileEncoding = 4; lastKnownFileType = sourcecode.c.objc; path = GCPullView.m; sourceTree = "<group>"; };
		DA39609B1778949100F3A7AD /* UIView+Additions.h */ = {isa = PBXFileReference; fileEncoding = 4; lastKnownFileType = sourcecode.c.h; path = "UIView+Additions.h"; sourceTree = "<group>"; };
		DA39609C1778949100F3A7AD /* UIView+Additions.m */ = {isa = PBXFileReference; fileEncoding = 4; lastKnownFileType = sourcecode.c.objc; path = "UIView+Additions.m"; sourceTree = "<group>"; };
		DABD5ECF1779F65E00ACAFFC /* GCDataManager.h */ = {isa = PBXFileReference; fileEncoding = 4; lastKnownFileType = sourcecode.c.h; path = GCDataManager.h; sourceTree = "<group>"; };
		DABD5ED01779F65E00ACAFFC /* GCDataManager.m */ = {isa = PBXFileReference; fileEncoding = 4; lastKnownFileType = sourcecode.c.objc; path = GCDataManager.m; sourceTree = "<group>"; };
		DABD5ED21779FB0E00ACAFFC /* UIViewController(additions).h */ = {isa = PBXFileReference; fileEncoding = 4; lastKnownFileType = sourcecode.c.h; path = "UIViewController(additions).h"; sourceTree = "<group>"; };
		DABD5ED31779FB0E00ACAFFC /* UIViewController(additions).m */ = {isa = PBXFileReference; fileEncoding = 4; lastKnownFileType = sourcecode.c.objc; path = "UIViewController(additions).m"; sourceTree = "<group>"; };
/* End PBXFileReference section */

/* Begin PBXFrameworksBuildPhase section */
		DA39606F177890D900F3A7AD /* Frameworks */ = {
			isa = PBXFrameworksBuildPhase;
			buildActionMask = 2147483647;
			files = (
				DA396076177890D900F3A7AD /* UIKit.framework in Frameworks */,
				DA396078177890D900F3A7AD /* Foundation.framework in Frameworks */,
				DA39607A177890D900F3A7AD /* CoreGraphics.framework in Frameworks */,
				07B0BEF6F6234A36816499C6 /* libPods.a in Frameworks */,
			);
			runOnlyForDeploymentPostprocessing = 0;
		};
/* End PBXFrameworksBuildPhase section */

/* Begin PBXGroup section */
		DA1E63411779B79700CDCB2D /* CustomViews */ = {
			isa = PBXGroup;
			children = (
				DA1E63421779B79E00CDCB2D /* Cells */,
				DA2D6BCE177AEFD7006D7D54 /* GCNavigationBar.h */,
				DA2D6BCF177AEFD7006D7D54 /* GCNavigationBar.m */,
				DA3960981778942000F3A7AD /* GCPullView.h */,
				DA3960991778942000F3A7AD /* GCPullView.m */,
				DA2D6C5D177C8D07006D7D54 /* GCDayCell.h */,
				DA2D6C5E177C8D08006D7D54 /* GCDayCell.m */,
				DA2D6C5B177C89C7006D7D54 /* GCDayCell.xib */,
			);
			name = CustomViews;
			sourceTree = "<group>";
		};
		DA1E63421779B79E00CDCB2D /* Cells */ = {
			isa = PBXGroup;
			children = (
				DA2D6BD1177B0E6C006D7D54 /* GCCell.h */,
				DA2D6BD2177B0E6C006D7D54 /* GCCell.m */,
				DA1E63431779B7FF00CDCB2D /* GCEventCell.h */,
				DA1E63441779B7FF00CDCB2D /* GCEventCell.m */,
			);
			name = Cells;
			sourceTree = "<group>";
		};
		DA2D6B5A1779FF51006D7D54 /* Objects */ = {
			isa = PBXGroup;
			children = (
				DA2D6B5B1779FF51006D7D54 /* GTLBatchQuery.h */,
				DA2D6B5C1779FF51006D7D54 /* GTLBatchQuery.m */,
				DA2D6B5D1779FF51006D7D54 /* GTLBatchResult.h */,
				DA2D6B5E1779FF51006D7D54 /* GTLBatchResult.m */,
				DA2D6B5F1779FF51006D7D54 /* GTLDateTime.h */,
				DA2D6B601779FF51006D7D54 /* GTLDateTime.m */,
				DA2D6B611779FF51006D7D54 /* GTLErrorObject.h */,
				DA2D6B621779FF51006D7D54 /* GTLErrorObject.m */,
				DA2D6B631779FF51006D7D54 /* GTLObject.h */,
				DA2D6B641779FF51006D7D54 /* GTLObject.m */,
				DA2D6B651779FF51006D7D54 /* GTLQuery.h */,
				DA2D6B661779FF51006D7D54 /* GTLQuery.m */,
				DA2D6B671779FF51006D7D54 /* GTLRuntimeCommon.h */,
				DA2D6B681779FF51006D7D54 /* GTLRuntimeCommon.m */,
				DA2D6B691779FF51006D7D54 /* GTLService.h */,
				DA2D6B6A1779FF51006D7D54 /* GTLService.m */,
				DA2D6B6B1779FF51006D7D54 /* GTLUploadParameters.h */,
				DA2D6B6C1779FF51006D7D54 /* GTLUploadParameters.m */,
			);
			path = Objects;
			sourceTree = "<group>";
		};
		DA2D6B6D1779FF51006D7D54 /* Utilities */ = {
			isa = PBXGroup;
			children = (
				DA2D6B6E1779FF51006D7D54 /* GTLBase64.h */,
				DA2D6B6F1779FF51006D7D54 /* GTLBase64.m */,
				DA2D6B701779FF51006D7D54 /* GTLFramework.h */,
				DA2D6B711779FF51006D7D54 /* GTLFramework.m */,
				DA2D6B721779FF51006D7D54 /* GTLJSONParser.h */,
				DA2D6B731779FF51006D7D54 /* GTLJSONParser.m */,
				DA2D6B741779FF51006D7D54 /* GTLTargetNamespace.h */,
				DA2D6B751779FF51006D7D54 /* GTLUtilities.h */,
				DA2D6B761779FF51006D7D54 /* GTLUtilities.m */,
			);
			path = Utilities;
			sourceTree = "<group>";
		};
		DA2D6B851779FF89006D7D54 /* Generated */ = {
			isa = PBXGroup;
			children = (
				DA2D6B861779FF89006D7D54 /* GTLCalendar.h */,
				DA2D6B871779FF89006D7D54 /* GTLCalendar_Sources.m */,
				DA2D6B881779FF89006D7D54 /* GTLCalendarAcl.h */,
				DA2D6B891779FF89006D7D54 /* GTLCalendarAcl.m */,
				DA2D6B8A1779FF89006D7D54 /* GTLCalendarAclRule.h */,
				DA2D6B8B1779FF89006D7D54 /* GTLCalendarAclRule.m */,
				DA2D6B8C1779FF89006D7D54 /* GTLCalendarCalendar.h */,
				DA2D6B8D1779FF89006D7D54 /* GTLCalendarCalendar.m */,
				DA2D6B8E1779FF89006D7D54 /* GTLCalendarCalendarList.h */,
				DA2D6B8F1779FF89006D7D54 /* GTLCalendarCalendarList.m */,
				DA2D6B901779FF89006D7D54 /* GTLCalendarCalendarListEntry.h */,
				DA2D6B911779FF89006D7D54 /* GTLCalendarCalendarListEntry.m */,
				DA2D6B921779FF89006D7D54 /* GTLCalendarColorDefinition.h */,
				DA2D6B931779FF89006D7D54 /* GTLCalendarColorDefinition.m */,
				DA2D6B941779FF89006D7D54 /* GTLCalendarColors.h */,
				DA2D6B951779FF89006D7D54 /* GTLCalendarColors.m */,
				DA2D6B961779FF89006D7D54 /* GTLCalendarConstants.h */,
				DA2D6B971779FF89006D7D54 /* GTLCalendarConstants.m */,
				DA2D6B981779FF89006D7D54 /* GTLCalendarError.h */,
				DA2D6B991779FF89006D7D54 /* GTLCalendarError.m */,
				DA2D6B9A1779FF89006D7D54 /* GTLCalendarEvent.h */,
				DA2D6B9B1779FF89006D7D54 /* GTLCalendarEvent.m */,
				DA2D6B9C1779FF89006D7D54 /* GTLCalendarEventAttendee.h */,
				DA2D6B9D1779FF89006D7D54 /* GTLCalendarEventAttendee.m */,
				DA2D6B9E1779FF89006D7D54 /* GTLCalendarEventDateTime.h */,
				DA2D6B9F1779FF89006D7D54 /* GTLCalendarEventDateTime.m */,
				DA2D6BA01779FF89006D7D54 /* GTLCalendarEventReminder.h */,
				DA2D6BA11779FF89006D7D54 /* GTLCalendarEventReminder.m */,
				DA2D6BA21779FF89006D7D54 /* GTLCalendarEvents.h */,
				DA2D6BA31779FF89006D7D54 /* GTLCalendarEvents.m */,
				DA2D6BA41779FF89006D7D54 /* GTLCalendarFreeBusyCalendar.h */,
				DA2D6BA51779FF89006D7D54 /* GTLCalendarFreeBusyCalendar.m */,
				DA2D6BA61779FF89006D7D54 /* GTLCalendarFreeBusyGroup.h */,
				DA2D6BA71779FF89006D7D54 /* GTLCalendarFreeBusyGroup.m */,
				DA2D6BA81779FF89006D7D54 /* GTLCalendarFreeBusyRequestItem.h */,
				DA2D6BA91779FF89006D7D54 /* GTLCalendarFreeBusyRequestItem.m */,
				DA2D6BAA1779FF89006D7D54 /* GTLCalendarFreeBusyResponse.h */,
				DA2D6BAB1779FF89006D7D54 /* GTLCalendarFreeBusyResponse.m */,
				DA2D6BAC1779FF89006D7D54 /* GTLCalendarSetting.h */,
				DA2D6BAD1779FF89006D7D54 /* GTLCalendarSetting.m */,
				DA2D6BAE1779FF89006D7D54 /* GTLCalendarSettings.h */,
				DA2D6BAF1779FF89006D7D54 /* GTLCalendarSettings.m */,
				DA2D6BB01779FF89006D7D54 /* GTLCalendarTimePeriod.h */,
				DA2D6BB11779FF89006D7D54 /* GTLCalendarTimePeriod.m */,
				DA2D6BB21779FF89006D7D54 /* GTLQueryCalendar.h */,
				DA2D6BB31779FF89006D7D54 /* GTLQueryCalendar.m */,
				DA2D6BB41779FF89006D7D54 /* GTLServiceCalendar.h */,
				DA2D6BB51779FF89006D7D54 /* GTLServiceCalendar.m */,
			);
			path = Generated;
			sourceTree = "<group>";
		};
		DA2D6BFD177C3D65006D7D54 /* Fonts */ = {
			isa = PBXGroup;
			children = (
				DA2D6C16177C3F68006D7D54 /* gothaprobla.ttf */,
				DA2D6C17177C3F68006D7D54 /* gothaproblaita.ttf */,
				DA2D6C18177C3F68006D7D54 /* gothaprobol.ttf */,
				DA2D6C19177C3F68006D7D54 /* gothaprobolita.ttf */,
				DA2D6C1A177C3F68006D7D54 /* gothaproita.ttf */,
				DA2D6C1B177C3F68006D7D54 /* gothaprolig.ttf */,
				DA2D6C1C177C3F68006D7D54 /* gothaproligita.ttf */,
				DA2D6C1D177C3F68006D7D54 /* gothapromed.ttf */,
				DA2D6C1E177C3F68006D7D54 /* gothapromedita.ttf */,
				DA2D6C1F177C3F68006D7D54 /* gothapronarbol.ttf */,
				DA2D6C20177C3F68006D7D54 /* gothapronarmed.ttf */,
				DA2D6C21177C3F68006D7D54 /* gothaproreg.ttf */,
			);
			name = Fonts;
			sourceTree = "<group>";
		};
		DA396069177890D900F3A7AD = {
			isa = PBXGroup;
			children = (
				DA39607B177890D900F3A7AD /* GC */,
				DA396074177890D900F3A7AD /* Frameworks */,
				DA396073177890D900F3A7AD /* Products */,
				39B9542B9A084365B8AFD6DA /* Pods.xcconfig */,
			);
			sourceTree = "<group>";
		};
		DA396073177890D900F3A7AD /* Products */ = {
			isa = PBXGroup;
			children = (
				DA396072177890D900F3A7AD /* GC.app */,
			);
			name = Products;
			sourceTree = "<group>";
		};
		DA396074177890D900F3A7AD /* Frameworks */ = {
			isa = PBXGroup;
			children = (
				DA396075177890D900F3A7AD /* UIKit.framework */,
				DA396077177890D900F3A7AD /* Foundation.framework */,
				DA396079177890D900F3A7AD /* CoreGraphics.framework */,
				24920EC6F9EE471292BF1910 /* libPods.a */,
			);
			name = Frameworks;
			sourceTree = "<group>";
		};
		DA39607B177890D900F3A7AD /* GC */ = {
			isa = PBXGroup;
			children = (
				DABD5EA51779C07C00ACAFFC /* Additions */,
				DABD5EA61779C09900ACAFFC /* Controllers */,
				DA1E63411779B79700CDCB2D /* CustomViews */,
				DA396084177890D900F3A7AD /* GCAppDelegate.h */,
				DA396085177890D900F3A7AD /* GCAppDelegate.m */,
				DABD5ECF1779F65E00ACAFFC /* GCDataManager.h */,
				DABD5ED01779F65E00ACAFFC /* GCDataManager.m */,
				DABD5F1E1779FDCF00ACAFFC /* Google Tools */,
				DA39608D177890D900F3A7AD /* MainStoryboard.storyboard */,
				DA39607C177890D900F3A7AD /* Supporting Files */,
			);
			path = GC;
			sourceTree = "<group>";
		};
		DA39607C177890D900F3A7AD /* Supporting Files */ = {
			isa = PBXGroup;
			children = (
				DA2D6BFD177C3D65006D7D54 /* Fonts */,
				DA39607D177890D900F3A7AD /* GC-Info.plist */,
				DA39607E177890D900F3A7AD /* InfoPlist.strings */,
				DA396081177890D900F3A7AD /* main.m */,
				DA396083177890D900F3A7AD /* GC-Prefix.pch */,
				DA396087177890D900F3A7AD /* Default.png */,
				DA396089177890D900F3A7AD /* Default@2x.png */,
				DA39608B177890D900F3A7AD /* Default-568h@2x.png */,
			);
			name = "Supporting Files";
			sourceTree = "<group>";
		};
		DABD5EA51779C07C00ACAFFC /* Additions */ = {
			isa = PBXGroup;
			children = (
				DA39609B1778949100F3A7AD /* UIView+Additions.h */,
				DA39609C1778949100F3A7AD /* UIView+Additions.m */,
				DABD5ED21779FB0E00ACAFFC /* UIViewController(additions).h */,
				DABD5ED31779FB0E00ACAFFC /* UIViewController(additions).m */,
				DA2D6C31177C413E006D7D54 /* UIFont+CustomFonts.h */,
				DA2D6C32177C413E006D7D54 /* UIFont+CustomFonts.m */,
				DA2D6C52177C50E6006D7D54 /* UIColor+CustomColors.h */,
				DA2D6C53177C50E6006D7D54 /* UIColor+CustomColors.m */,
				DA2D6C58177C6A81006D7D54 /* UILabel+Additions.h */,
				DA2D6C59177C6A81006D7D54 /* UILabel+Additions.m */,
			);
			name = Additions;
			sourceTree = "<group>";
		};
		DABD5EA61779C09900ACAFFC /* Controllers */ = {
			isa = PBXGroup;
			children = (
				DA396090177890D900F3A7AD /* GCViewController.h */,
				DA396091177890D900F3A7AD /* GCViewController.m */,
			);
			name = Controllers;
			sourceTree = "<group>";
		};
		DABD5F1E1779FDCF00ACAFFC /* Google Tools */ = {
			isa = PBXGroup;
			children = (
				DA2D6B841779FF62006D7D54 /* GTLDefines.h */,
				DA2D6B851779FF89006D7D54 /* Generated */,
				DA2D6B5A1779FF51006D7D54 /* Objects */,
				DA2D6B6D1779FF51006D7D54 /* Utilities */,
			);
			name = "Google Tools";
			sourceTree = "<group>";
		};
/* End PBXGroup section */

/* Begin PBXNativeTarget section */
		DA396071177890D900F3A7AD /* GC */ = {
			isa = PBXNativeTarget;
			buildConfigurationList = DA396095177890D900F3A7AD /* Build configuration list for PBXNativeTarget "GC" */;
			buildPhases = (
				71E711EFA82C47959B4B0FDA /* Check Pods Manifest.lock */,
				DA39606E177890D900F3A7AD /* Sources */,
				DA39606F177890D900F3A7AD /* Frameworks */,
				DA396070177890D900F3A7AD /* Resources */,
				D0B89CF3D67A48E3BF10EB27 /* Copy Pods Resources */,
			);
			buildRules = (
			);
			dependencies = (
			);
			name = GC;
			productName = GC;
			productReference = DA396072177890D900F3A7AD /* GC.app */;
			productType = "com.apple.product-type.application";
		};
/* End PBXNativeTarget section */

/* Begin PBXProject section */
		DA39606A177890D900F3A7AD /* Project object */ = {
			isa = PBXProject;
			attributes = {
				CLASSPREFIX = GC;
				LastUpgradeCheck = 0460;
				ORGANIZATIONNAME = "Gennady Berezovsky";
			};
			buildConfigurationList = DA39606D177890D900F3A7AD /* Build configuration list for PBXProject "GC" */;
			compatibilityVersion = "Xcode 3.2";
			developmentRegion = English;
			hasScannedForEncodings = 0;
			knownRegions = (
				en,
			);
			mainGroup = DA396069177890D900F3A7AD;
			productRefGroup = DA396073177890D900F3A7AD /* Products */;
			projectDirPath = "";
			projectRoot = "";
			targets = (
				DA396071177890D900F3A7AD /* GC */,
			);
		};
/* End PBXProject section */

/* Begin PBXResourcesBuildPhase section */
		DA396070177890D900F3A7AD /* Resources */ = {
			isa = PBXResourcesBuildPhase;
			buildActionMask = 2147483647;
			files = (
				DA396080177890D900F3A7AD /* InfoPlist.strings in Resources */,
				DA396088177890D900F3A7AD /* Default.png in Resources */,
				DA39608A177890D900F3A7AD /* Default@2x.png in Resources */,
				DA39608C177890D900F3A7AD /* Default-568h@2x.png in Resources */,
				DA39608F177890D900F3A7AD /* MainStoryboard.storyboard in Resources */,
				DA2D6C22177C3F68006D7D54 /* gothaprobla.ttf in Resources */,
				DA2D6C23177C3F68006D7D54 /* gothaproblaita.ttf in Resources */,
				DA2D6C24177C3F68006D7D54 /* gothaprobol.ttf in Resources */,
				DA2D6C25177C3F68006D7D54 /* gothaprobolita.ttf in Resources */,
				DA2D6C26177C3F68006D7D54 /* gothaproita.ttf in Resources */,
				DA2D6C27177C3F68006D7D54 /* gothaprolig.ttf in Resources */,
				DA2D6C28177C3F68006D7D54 /* gothaproligita.ttf in Resources */,
				DA2D6C29177C3F68006D7D54 /* gothapromed.ttf in Resources */,
				DA2D6C2A177C3F68006D7D54 /* gothapromedita.ttf in Resources */,
				DA2D6C2B177C3F68006D7D54 /* gothapronarbol.ttf in Resources */,
				DA2D6C2C177C3F68006D7D54 /* gothapronarmed.ttf in Resources */,
				DA2D6C2D177C3F68006D7D54 /* gothaproreg.ttf in Resources */,
				DA2D6C5C177C89C7006D7D54 /* GCDayCell.xib in Resources */,
			);
			runOnlyForDeploymentPostprocessing = 0;
		};
/* End PBXResourcesBuildPhase section */

/* Begin PBXShellScriptBuildPhase section */
		71E711EFA82C47959B4B0FDA /* Check Pods Manifest.lock */ = {
			isa = PBXShellScriptBuildPhase;
			buildActionMask = 2147483647;
			files = (
			);
			inputPaths = (
			);
			name = "Check Pods Manifest.lock";
			outputPaths = (
			);
			runOnlyForDeploymentPostprocessing = 0;
			shellPath = /bin/sh;
			shellScript = "diff \"${PODS_ROOT}/../Podfile.lock\" \"${PODS_ROOT}/Manifest.lock\" > /dev/null\nif [[ $? != 0 ]] ; then\n    cat << EOM\nerror: The sandbox is not in sync with the Podfile.lock. Run 'pod install' or update your CocoaPods installation.\nEOM\n    exit 1\nfi\n";
		};
		D0B89CF3D67A48E3BF10EB27 /* Copy Pods Resources */ = {
			isa = PBXShellScriptBuildPhase;
			buildActionMask = 2147483647;
			files = (
			);
			inputPaths = (
			);
			name = "Copy Pods Resources";
			outputPaths = (
			);
			runOnlyForDeploymentPostprocessing = 0;
			shellPath = /bin/sh;
			shellScript = "\"${SRCROOT}/Pods/Pods-resources.sh\"\n";
		};
/* End PBXShellScriptBuildPhase section */

/* Begin PBXSourcesBuildPhase section */
		DA39606E177890D900F3A7AD /* Sources */ = {
			isa = PBXSourcesBuildPhase;
			buildActionMask = 2147483647;
			files = (
				DA396082177890D900F3A7AD /* main.m in Sources */,
				DA396086177890D900F3A7AD /* GCAppDelegate.m in Sources */,
				DA396092177890D900F3A7AD /* GCViewController.m in Sources */,
				DA39609A1778942000F3A7AD /* GCPullView.m in Sources */,
				DA39609D1778949200F3A7AD /* UIView+Additions.m in Sources */,
				DA1E63451779B7FF00CDCB2D /* GCEventCell.m in Sources */,
				DABD5ED11779F65E00ACAFFC /* GCDataManager.m in Sources */,
				DABD5ED41779FB0E00ACAFFC /* UIViewController(additions).m in Sources */,
				DA2D6B771779FF51006D7D54 /* GTLBatchQuery.m in Sources */,
				DA2D6B781779FF51006D7D54 /* GTLBatchResult.m in Sources */,
				DA2D6B791779FF51006D7D54 /* GTLDateTime.m in Sources */,
				DA2D6B7A1779FF51006D7D54 /* GTLErrorObject.m in Sources */,
				DA2D6B7B1779FF51006D7D54 /* GTLObject.m in Sources */,
				DA2D6B7C1779FF51006D7D54 /* GTLQuery.m in Sources */,
				DA2D6B7D1779FF51006D7D54 /* GTLRuntimeCommon.m in Sources */,
				DA2D6B7E1779FF51006D7D54 /* GTLService.m in Sources */,
				DA2D6B7F1779FF51006D7D54 /* GTLUploadParameters.m in Sources */,
				DA2D6B801779FF51006D7D54 /* GTLBase64.m in Sources */,
				DA2D6B811779FF51006D7D54 /* GTLFramework.m in Sources */,
				DA2D6B821779FF51006D7D54 /* GTLJSONParser.m in Sources */,
				DA2D6B831779FF51006D7D54 /* GTLUtilities.m in Sources */,
				DA2D6BB61779FF89006D7D54 /* GTLCalendar_Sources.m in Sources */,
				DA2D6BB71779FF89006D7D54 /* GTLCalendarAcl.m in Sources */,
				DA2D6BB81779FF89006D7D54 /* GTLCalendarAclRule.m in Sources */,
				DA2D6BB91779FF89006D7D54 /* GTLCalendarCalendar.m in Sources */,
				DA2D6BBA1779FF89006D7D54 /* GTLCalendarCalendarList.m in Sources */,
				DA2D6BBB1779FF89006D7D54 /* GTLCalendarCalendarListEntry.m in Sources */,
				DA2D6BBC1779FF89006D7D54 /* GTLCalendarColorDefinition.m in Sources */,
				DA2D6BBD1779FF89006D7D54 /* GTLCalendarColors.m in Sources */,
				DA2D6BBE1779FF89006D7D54 /* GTLCalendarConstants.m in Sources */,
				DA2D6BBF1779FF89006D7D54 /* GTLCalendarError.m in Sources */,
				DA2D6BC01779FF89006D7D54 /* GTLCalendarEvent.m in Sources */,
				DA2D6BC11779FF89006D7D54 /* GTLCalendarEventAttendee.m in Sources */,
				DA2D6BC21779FF89006D7D54 /* GTLCalendarEventDateTime.m in Sources */,
				DA2D6BC31779FF89006D7D54 /* GTLCalendarEventReminder.m in Sources */,
				DA2D6BC41779FF89006D7D54 /* GTLCalendarEvents.m in Sources */,
				DA2D6BC51779FF89006D7D54 /* GTLCalendarFreeBusyCalendar.m in Sources */,
				DA2D6BC61779FF89006D7D54 /* GTLCalendarFreeBusyGroup.m in Sources */,
				DA2D6BC71779FF89006D7D54 /* GTLCalendarFreeBusyRequestItem.m in Sources */,
				DA2D6BC81779FF89006D7D54 /* GTLCalendarFreeBusyResponse.m in Sources */,
				DA2D6BC91779FF89006D7D54 /* GTLCalendarSetting.m in Sources */,
				DA2D6BCA1779FF89006D7D54 /* GTLCalendarSettings.m in Sources */,
				DA2D6BCB1779FF89006D7D54 /* GTLCalendarTimePeriod.m in Sources */,
				DA2D6BCC1779FF89006D7D54 /* GTLQueryCalendar.m in Sources */,
				DA2D6BCD1779FF89006D7D54 /* GTLServiceCalendar.m in Sources */,
				DA2D6BD0177AEFD7006D7D54 /* GCNavigationBar.m in Sources */,
				DA2D6BD3177B0E6C006D7D54 /* GCCell.m in Sources */,
				DA2D6C33177C413E006D7D54 /* UIFont+CustomFonts.m in Sources */,
				DA2D6C54177C50E6006D7D54 /* UIColor+CustomColors.m in Sources */,
				DA2D6C5A177C6A81006D7D54 /* UILabel+Additions.m in Sources */,
				DA2D6C5F177C8D08006D7D54 /* GCDayCell.m in Sources */,
			);
			runOnlyForDeploymentPostprocessing = 0;
		};
/* End PBXSourcesBuildPhase section */

/* Begin PBXVariantGroup section */
		DA39607E177890D900F3A7AD /* InfoPlist.strings */ = {
			isa = PBXVariantGroup;
			children = (
				DA39607F177890D900F3A7AD /* en */,
			);
			name = InfoPlist.strings;
			sourceTree = "<group>";
		};
		DA39608D177890D900F3A7AD /* MainStoryboard.storyboard */ = {
			isa = PBXVariantGroup;
			children = (
				DA39608E177890D900F3A7AD /* en */,
			);
			name = MainStoryboard.storyboard;
			sourceTree = "<group>";
		};
/* End PBXVariantGroup section */

/* Begin XCBuildConfiguration section */
		DA396093177890D900F3A7AD /* Debug */ = {
			isa = XCBuildConfiguration;
			buildSettings = {
				ALWAYS_SEARCH_USER_PATHS = NO;
				CLANG_CXX_LANGUAGE_STANDARD = "gnu++0x";
				CLANG_CXX_LIBRARY = "libc++";
				CLANG_ENABLE_OBJC_ARC = YES;
				CLANG_WARN_CONSTANT_CONVERSION = YES;
				CLANG_WARN_EMPTY_BODY = YES;
				CLANG_WARN_ENUM_CONVERSION = YES;
				CLANG_WARN_INT_CONVERSION = YES;
				CLANG_WARN__DUPLICATE_METHOD_MATCH = YES;
				"CODE_SIGN_IDENTITY[sdk=iphoneos*]" = "iPhone Developer";
				COPY_PHASE_STRIP = NO;
				GCC_C_LANGUAGE_STANDARD = gnu99;
				GCC_DYNAMIC_NO_PIC = NO;
				GCC_OPTIMIZATION_LEVEL = 0;
				GCC_PREPROCESSOR_DEFINITIONS = (
					"DEBUG=1",
					"$(inherited)",
				);
				GCC_SYMBOLS_PRIVATE_EXTERN = NO;
				GCC_WARN_ABOUT_RETURN_TYPE = YES;
				GCC_WARN_UNINITIALIZED_AUTOS = YES;
				GCC_WARN_UNUSED_VARIABLE = YES;
				IPHONEOS_DEPLOYMENT_TARGET = 6.1;
				ONLY_ACTIVE_ARCH = YES;
				SDKROOT = iphoneos;
			};
			name = Debug;
		};
		DA396094177890D900F3A7AD /* Release */ = {
			isa = XCBuildConfiguration;
			buildSettings = {
				ALWAYS_SEARCH_USER_PATHS = NO;
				CLANG_CXX_LANGUAGE_STANDARD = "gnu++0x";
				CLANG_CXX_LIBRARY = "libc++";
				CLANG_ENABLE_OBJC_ARC = YES;
				CLANG_WARN_CONSTANT_CONVERSION = YES;
				CLANG_WARN_EMPTY_BODY = YES;
				CLANG_WARN_ENUM_CONVERSION = YES;
				CLANG_WARN_INT_CONVERSION = YES;
				CLANG_WARN__DUPLICATE_METHOD_MATCH = YES;
				"CODE_SIGN_IDENTITY[sdk=iphoneos*]" = "iPhone Developer";
				COPY_PHASE_STRIP = YES;
				GCC_C_LANGUAGE_STANDARD = gnu99;
				GCC_WARN_ABOUT_RETURN_TYPE = YES;
				GCC_WARN_UNINITIALIZED_AUTOS = YES;
				GCC_WARN_UNUSED_VARIABLE = YES;
				IPHONEOS_DEPLOYMENT_TARGET = 6.1;
				OTHER_CFLAGS = "-DNS_BLOCK_ASSERTIONS=1";
				SDKROOT = iphoneos;
				VALIDATE_PRODUCT = YES;
			};
			name = Release;
		};
		DA396096177890D900F3A7AD /* Debug */ = {
			isa = XCBuildConfiguration;
			baseConfigurationReference = 39B9542B9A084365B8AFD6DA /* Pods.xcconfig */;
			buildSettings = {
				GCC_PRECOMPILE_PREFIX_HEADER = YES;
				GCC_PREFIX_HEADER = "GC/GC-Prefix.pch";
				INFOPLIST_FILE = "GC/GC-Info.plist";
				IPHONEOS_DEPLOYMENT_TARGET = 5.0;
				PRODUCT_NAME = "$(TARGET_NAME)";
				WRAPPER_EXTENSION = app;
			};
			name = Debug;
		};
		DA396097177890D900F3A7AD /* Release */ = {
			isa = XCBuildConfiguration;
			baseConfigurationReference = 39B9542B9A084365B8AFD6DA /* Pods.xcconfig */;
			buildSettings = {
				GCC_PRECOMPILE_PREFIX_HEADER = YES;
				GCC_PREFIX_HEADER = "GC/GC-Prefix.pch";
				INFOPLIST_FILE = "GC/GC-Info.plist";
				IPHONEOS_DEPLOYMENT_TARGET = 5.0;
				PRODUCT_NAME = "$(TARGET_NAME)";
				WRAPPER_EXTENSION = app;
			};
			name = Release;
		};
/* End XCBuildConfiguration section */

/* Begin XCConfigurationList section */
		DA39606D177890D900F3A7AD /* Build configuration list for PBXProject "GC" */ = {
			isa = XCConfigurationList;
			buildConfigurations = (
				DA396093177890D900F3A7AD /* Debug */,
				DA396094177890D900F3A7AD /* Release */,
			);
			defaultConfigurationIsVisible = 0;
			defaultConfigurationName = Release;
		};
		DA396095177890D900F3A7AD /* Build configuration list for PBXNativeTarget "GC" */ = {
			isa = XCConfigurationList;
			buildConfigurations = (
				DA396096177890D900F3A7AD /* Debug */,
				DA396097177890D900F3A7AD /* Release */,
			);
			defaultConfigurationIsVisible = 0;
			defaultConfigurationName = Release;
		};
/* End XCConfigurationList section */
	};
	rootObject = DA39606A177890D900F3A7AD /* Project object */;
}
